
Microsoft Visual Studio Solution File, Format Version 12.00
Project("{FAE04EC0-301F-11D3-BF4B-00C04F79EFBC}") = "Uno_CardGame", "Uno_CardGame\Uno_CardGame.csproj", "{92E4338B-8268-4A62-BEA7-81382A14D317}"
EndProject
Global
	GlobalSection(SolutionConfigurationPlatforms) = preSolution
		Debug|Any CPU = Debug|Any CPU
		Release|Any CPU = Release|Any CPU
	EndGlobalSection
	GlobalSection(ProjectConfigurationPlatforms) = postSolution
		{92E4338B-8268-4A62-BEA7-81382A14D317}.Debug|Any CPU.ActiveCfg = Debug|Any CPU
		{92E4338B-8268-4A62-BEA7-81382A14D317}.Debug|Any CPU.Build.0 = Debug|Any CPU
		{92E4338B-8268-4A62-BEA7-81382A14D317}.Release|Any CPU.ActiveCfg = Release|Any CPU
		{92E4338B-8268-4A62-BEA7-81382A14D317}.Release|Any CPU.Build.0 = Release|Any CPU
	EndGlobalSection
EndGlobal
